
Microsoft Visual Studio Solution File, Format Version 12.00
# Visual Studio Version 16
VisualStudioVersion = 16.0.30406.217
MinimumVisualStudioVersion = 10.0.40219.1
Project("{FAE04EC0-301F-11D3-BF4B-00C04F79EFBC}") = "LockDownApp.Web", "LockDownApp.Web\LockDownApp.Web.csproj", "{78734560-5996-4421-BC81-A20D526457EA}"
EndProject
Global
	GlobalSection(SolutionConfigurationPlatforms) = preSolution
		Debug|Any CPU = Debug|Any CPU
		Release|Any CPU = Release|Any CPU
	EndGlobalSection
	GlobalSection(ProjectConfigurationPlatforms) = postSolution
		{78734560-5996-4421-BC81-A20D526457EA}.Debug|Any CPU.ActiveCfg = Debug|Any CPU
		{78734560-5996-4421-BC81-A20D526457EA}.Debug|Any CPU.Build.0 = Debug|Any CPU
		{78734560-5996-4421-BC81-A20D526457EA}.Release|Any CPU.ActiveCfg = Release|Any CPU
		{78734560-5996-4421-BC81-A20D526457EA}.Release|Any CPU.Build.0 = Release|Any CPU
	EndGlobalSection
	GlobalSection(SolutionProperties) = preSolution
		HideSolutionNode = FALSE
	EndGlobalSection
	GlobalSection(ExtensibilityGlobals) = postSolution
		SolutionGuid = {3562C913-8E07-4A40-B083-686C2BBB8795}
	EndGlobalSection
EndGlobal
